
Microsoft Visual Studio Solution File, Format Version 12.00
# Visual Studio 15
VisualStudioVersion = 15.0.27428.2015
MinimumVisualStudioVersion = 10.0.40219.1
Project("{FAE04EC0-301F-11D3-BF4B-00C04F79EFBC}") = "stajprojesi", "stajprojesi\stajprojesi.csproj", "{E6EA0328-D54E-475B-9776-154BF8B86694}"
EndProject
Global
	GlobalSection(SolutionConfigurationPlatforms) = preSolution
		Debug|Any CPU = Debug|Any CPU
		Release|Any CPU = Release|Any CPU
	EndGlobalSection
	GlobalSection(ProjectConfigurationPlatforms) = postSolution
		{E6EA0328-D54E-475B-9776-154BF8B86694}.Debug|Any CPU.ActiveCfg = Debug|Any CPU
		{E6EA0328-D54E-475B-9776-154BF8B86694}.Debug|Any CPU.Build.0 = Debug|Any CPU
		{E6EA0328-D54E-475B-9776-154BF8B86694}.Release|Any CPU.ActiveCfg = Release|Any CPU
		{E6EA0328-D54E-475B-9776-154BF8B86694}.Release|Any CPU.Build.0 = Release|Any CPU
	EndGlobalSection
	GlobalSection(SolutionProperties) = preSolution
		HideSolutionNode = FALSE
	EndGlobalSection
	GlobalSection(ExtensibilityGlobals) = postSolution
		SolutionGuid = {546F8A0E-9D33-4881-8855-44A907040B2A}
	EndGlobalSection
EndGlobal
